
Microsoft Visual Studio Solution File, Format Version 12.00
# Visual Studio Version 16
VisualStudioVersion = 16.0.31129.286
MinimumVisualStudioVersion = 10.0.40219.1
Project("{9A19103F-16F7-4668-BE54-9A1E7A4F7556}") = "mongodb", "mongodb\mongodb.csproj", "{E6B33152-FA2E-4133-8869-D885CB75428F}"
EndProject
Global
	GlobalSection(SolutionConfigurationPlatforms) = preSolution
		Debug|Any CPU = Debug|Any CPU
		Release|Any CPU = Release|Any CPU
	EndGlobalSection
	GlobalSection(ProjectConfigurationPlatforms) = postSolution
		{E6B33152-FA2E-4133-8869-D885CB75428F}.Debug|Any CPU.ActiveCfg = Debug|Any CPU
		{E6B33152-FA2E-4133-8869-D885CB75428F}.Debug|Any CPU.Build.0 = Debug|Any CPU
		{E6B33152-FA2E-4133-8869-D885CB75428F}.Release|Any CPU.ActiveCfg = Release|Any CPU
		{E6B33152-FA2E-4133-8869-D885CB75428F}.Release|Any CPU.Build.0 = Release|Any CPU
	EndGlobalSection
	GlobalSection(SolutionProperties) = preSolution
		HideSolutionNode = FALSE
	EndGlobalSection
	GlobalSection(ExtensibilityGlobals) = postSolution
		SolutionGuid = {31C304E4-B3F2-4631-BF2F-8714BE2F4913}
	EndGlobalSection
EndGlobal
